
Microsoft Visual Studio Solution File, Format Version 12.00
# Visual Studio 15
VisualStudioVersion = 15.0.28307.572
MinimumVisualStudioVersion = 10.0.40219.1
Project("{FAE04EC0-301F-11D3-BF4B-00C04F79EFBC}") = "WpfApp1", "WpfApp1\WpfApp1.csproj", "{56E91AB4-6A0A-4FF6-96EA-36395BD1B9C4}"
EndProject
Global
	GlobalSection(SolutionConfigurationPlatforms) = preSolution
		Debug|Any CPU = Debug|Any CPU
		Release|Any CPU = Release|Any CPU
	EndGlobalSection
	GlobalSection(ProjectConfigurationPlatforms) = postSolution
		{56E91AB4-6A0A-4FF6-96EA-36395BD1B9C4}.Debug|Any CPU.ActiveCfg = Debug|Any CPU
		{56E91AB4-6A0A-4FF6-96EA-36395BD1B9C4}.Debug|Any CPU.Build.0 = Debug|Any CPU
		{56E91AB4-6A0A-4FF6-96EA-36395BD1B9C4}.Release|Any CPU.ActiveCfg = Release|Any CPU
		{56E91AB4-6A0A-4FF6-96EA-36395BD1B9C4}.Release|Any CPU.Build.0 = Release|Any CPU
	EndGlobalSection
	GlobalSection(SolutionProperties) = preSolution
		HideSolutionNode = FALSE
	EndGlobalSection
	GlobalSection(ExtensibilityGlobals) = postSolution
		SolutionGuid = {901A7BBB-C933-45D5-B8DA-19C11E4B9AB4}
	EndGlobalSection
EndGlobal
